// !$*UTF8*$!
{
	archiveVersion = 1;
	classes = {
	};
	objectVersion = 56;
	objects = {

/* Begin PBXBuildFile section */
		F1C2EF462B52ADD300B8C43F /* LunchCounterApp.swift in Sources */ = {isa = PBXBuildFile; fileRef = F1C2EF452B52ADD300B8C43F /* LunchCounterApp.swift */; };
		F1C2EF4C2B52ADD400B8C43F /* Assets.xcassets in Resources */ = {isa = PBXBuildFile; fileRef = F1C2EF4B2B52ADD400B8C43F /* Assets.xcassets */; };
		F1C2EF4F2B52ADD400B8C43F /* Preview Assets.xcassets in Resources */ = {isa = PBXBuildFile; fileRef = F1C2EF4E2B52ADD400B8C43F /* Preview Assets.xcassets */; };
		F1C2EF582B52AE0000B8C43F /* LunchRecord.swift in Sources */ = {isa = PBXBuildFile; fileRef = F1C2EF562B52AE0000B8C43F /* LunchRecord.swift */; };
		F1C2EF592B52AE0000B8C43F /* FoodType.swift in Sources */ = {isa = PBXBuildFile; fileRef = F1C2EF572B52AE0000B8C43F /* FoodType.swift */; };
		F1C2EF5C2B52AE3000B8C43F /* MainView.swift in Sources */ = {isa = PBXBuildFile; fileRef = F1C2EF5B2B52AE3000B8C43F /* MainView.swift */; };
		F1C2EF602B52AE9500B8C43F /* AddFoodButton.swift in Sources */ = {isa = PBXBuildFile; fileRef = F1C2EF5F2B52AE9500B8C43F /* AddFoodButton.swift */; };
		F1C2EF622B53ADA100B8C43F /* Postition.swift in Sources */ = {isa = PBXBuildFile; fileRef = F1C2EF612B53ADA100B8C43F /* Postition.swift */; };
		F1C2EF652B53ADC500B8C43F /* MainViewModel.swift in Sources */ = {isa = PBXBuildFile; fileRef = F1C2EF642B53ADC500B8C43F /* MainViewModel.swift */; };
		F1C2EF682B53AE3A00B8C43F /* ViewModel.swift in Sources */ = {isa = PBXBuildFile; fileRef = F1C2EF672B53AE3A00B8C43F /* ViewModel.swift */; };
		F1C2EF6A2B53B35F00B8C43F /* MainTabView.swift in Sources */ = {isa = PBXBuildFile; fileRef = F1C2EF692B53B35F00B8C43F /* MainTabView.swift */; };
		F1C2EF6D2B53B3C900B8C43F /* TabViewItem.swift in Sources */ = {isa = PBXBuildFile; fileRef = F1C2EF6C2B53B3C900B8C43F /* TabViewItem.swift */; };
		F1C2EF6F2B53B4FA00B8C43F /* AddFoodButtonGroup.swift in Sources */ = {isa = PBXBuildFile; fileRef = F1C2EF6E2B53B4FA00B8C43F /* AddFoodButtonGroup.swift */; };
		F1C2EF712B53B8D500B8C43F /* Toast.swift in Sources */ = {isa = PBXBuildFile; fileRef = F1C2EF702B53B8D500B8C43F /* Toast.swift */; };
		F1C2EF742B53B9CC00B8C43F /* ToastStyle.swift in Sources */ = {isa = PBXBuildFile; fileRef = F1C2EF732B53B9CC00B8C43F /* ToastStyle.swift */; };
		F1C2EF782B53BC0B00B8C43F /* ToastView.swift in Sources */ = {isa = PBXBuildFile; fileRef = F1C2EF772B53BC0B00B8C43F /* ToastView.swift */; };
		F1C2EF7B2B53BE7D00B8C43F /* ToastModifier.swift in Sources */ = {isa = PBXBuildFile; fileRef = F1C2EF7A2B53BE7D00B8C43F /* ToastModifier.swift */; };
		F1C2EF7F2B53C01500B8C43F /* View+Extension.swift in Sources */ = {isa = PBXBuildFile; fileRef = F1C2EF7E2B53C01500B8C43F /* View+Extension.swift */; };
		F1C2EF812B53C9B300B8C43F /* LunchGraphView.swift in Sources */ = {isa = PBXBuildFile; fileRef = F1C2EF802B53C9B300B8C43F /* LunchGraphView.swift */; };
		F1C2EF842B53CCA100B8C43F /* SwiftDataManager.swift in Sources */ = {isa = PBXBuildFile; fileRef = F1C2EF832B53CCA100B8C43F /* SwiftDataManager.swift */; };
		F1C2EF862B53D70B00B8C43F /* GraphViewModel.swift in Sources */ = {isa = PBXBuildFile; fileRef = F1C2EF852B53D70B00B8C43F /* GraphViewModel.swift */; };
		F1C2EF882B53DE3700B8C43F /* SwiftDataError.swift in Sources */ = {isa = PBXBuildFile; fileRef = F1C2EF872B53DE3700B8C43F /* SwiftDataError.swift */; };
		F1C2EF8A2B53E25F00B8C43F /* DataManager.swift in Sources */ = {isa = PBXBuildFile; fileRef = F1C2EF892B53E25F00B8C43F /* DataManager.swift */; };
/* End PBXBuildFile section */

/* Begin PBXFileReference section */
		F1C2EF422B52ADD300B8C43F /* LunchCounter.app */ = {isa = PBXFileReference; explicitFileType = wrapper.application; includeInIndex = 0; path = LunchCounter.app; sourceTree = BUILT_PRODUCTS_DIR; };
		F1C2EF452B52ADD300B8C43F /* LunchCounterApp.swift */ = {isa = PBXFileReference; lastKnownFileType = sourcecode.swift; path = LunchCounterApp.swift; sourceTree = "<group>"; };
		F1C2EF4B2B52ADD400B8C43F /* Assets.xcassets */ = {isa = PBXFileReference; lastKnownFileType = folder.assetcatalog; path = Assets.xcassets; sourceTree = "<group>"; };
		F1C2EF4E2B52ADD400B8C43F /* Preview Assets.xcassets */ = {isa = PBXFileReference; lastKnownFileType = folder.assetcatalog; path = "Preview Assets.xcassets"; sourceTree = "<group>"; };
		F1C2EF562B52AE0000B8C43F /* LunchRecord.swift */ = {isa = PBXFileReference; fileEncoding = 4; lastKnownFileType = sourcecode.swift; path = LunchRecord.swift; sourceTree = "<group>"; };
		F1C2EF572B52AE0000B8C43F /* FoodType.swift */ = {isa = PBXFileReference; fileEncoding = 4; lastKnownFileType = sourcecode.swift; path = FoodType.swift; sourceTree = "<group>"; };
		F1C2EF5B2B52AE3000B8C43F /* MainView.swift */ = {isa = PBXFileReference; lastKnownFileType = sourcecode.swift; path = MainView.swift; sourceTree = "<group>"; };
		F1C2EF5F2B52AE9500B8C43F /* AddFoodButton.swift */ = {isa = PBXFileReference; lastKnownFileType = sourcecode.swift; path = AddFoodButton.swift; sourceTree = "<group>"; };
		F1C2EF612B53ADA100B8C43F /* Postition.swift */ = {isa = PBXFileReference; lastKnownFileType = sourcecode.swift; path = Postition.swift; sourceTree = "<group>"; };
		F1C2EF642B53ADC500B8C43F /* MainViewModel.swift */ = {isa = PBXFileReference; lastKnownFileType = sourcecode.swift; path = MainViewModel.swift; sourceTree = "<group>"; };
		F1C2EF672B53AE3A00B8C43F /* ViewModel.swift */ = {isa = PBXFileReference; lastKnownFileType = sourcecode.swift; path = ViewModel.swift; sourceTree = "<group>"; };
		F1C2EF692B53B35F00B8C43F /* MainTabView.swift */ = {isa = PBXFileReference; lastKnownFileType = sourcecode.swift; path = MainTabView.swift; sourceTree = "<group>"; };
		F1C2EF6C2B53B3C900B8C43F /* TabViewItem.swift */ = {isa = PBXFileReference; lastKnownFileType = sourcecode.swift; path = TabViewItem.swift; sourceTree = "<group>"; };
		F1C2EF6E2B53B4FA00B8C43F /* AddFoodButtonGroup.swift */ = {isa = PBXFileReference; lastKnownFileType = sourcecode.swift; path = AddFoodButtonGroup.swift; sourceTree = "<group>"; };
		F1C2EF702B53B8D500B8C43F /* Toast.swift */ = {isa = PBXFileReference; lastKnownFileType = sourcecode.swift; path = Toast.swift; sourceTree = "<group>"; };
		F1C2EF732B53B9CC00B8C43F /* ToastStyle.swift */ = {isa = PBXFileReference; lastKnownFileType = sourcecode.swift; path = ToastStyle.swift; sourceTree = "<group>"; };
		F1C2EF772B53BC0B00B8C43F /* ToastView.swift */ = {isa = PBXFileReference; lastKnownFileType = sourcecode.swift; path = ToastView.swift; sourceTree = "<group>"; };
		F1C2EF7A2B53BE7D00B8C43F /* ToastModifier.swift */ = {isa = PBXFileReference; lastKnownFileType = sourcecode.swift; path = ToastModifier.swift; sourceTree = "<group>"; };
		F1C2EF7E2B53C01500B8C43F /* View+Extension.swift */ = {isa = PBXFileReference; lastKnownFileType = sourcecode.swift; path = "View+Extension.swift"; sourceTree = "<group>"; };
		F1C2EF802B53C9B300B8C43F /* LunchGraphView.swift */ = {isa = PBXFileReference; lastKnownFileType = sourcecode.swift; path = LunchGraphView.swift; sourceTree = "<group>"; };
		F1C2EF832B53CCA100B8C43F /* SwiftDataManager.swift */ = {isa = PBXFileReference; lastKnownFileType = sourcecode.swift; path = SwiftDataManager.swift; sourceTree = "<group>"; };
		F1C2EF852B53D70B00B8C43F /* GraphViewModel.swift */ = {isa = PBXFileReference; lastKnownFileType = sourcecode.swift; path = GraphViewModel.swift; sourceTree = "<group>"; };
		F1C2EF872B53DE3700B8C43F /* SwiftDataError.swift */ = {isa = PBXFileReference; lastKnownFileType = sourcecode.swift; path = SwiftDataError.swift; sourceTree = "<group>"; };
		F1C2EF892B53E25F00B8C43F /* DataManager.swift */ = {isa = PBXFileReference; lastKnownFileType = sourcecode.swift; path = DataManager.swift; sourceTree = "<group>"; };
/* End PBXFileReference section */

/* Begin PBXFrameworksBuildPhase section */
		F1C2EF3F2B52ADD300B8C43F /* Frameworks */ = {
			isa = PBXFrameworksBuildPhase;
			buildActionMask = 2147483647;
			files = (
			);
			runOnlyForDeploymentPostprocessing = 0;
		};
/* End PBXFrameworksBuildPhase section */

/* Begin PBXGroup section */
		F1C2EF392B52ADD300B8C43F = {
			isa = PBXGroup;
			children = (
				F1C2EF442B52ADD300B8C43F /* LunchCounter */,
				F1C2EF432B52ADD300B8C43F /* Products */,
			);
			sourceTree = "<group>";
		};
		F1C2EF432B52ADD300B8C43F /* Products */ = {
			isa = PBXGroup;
			children = (
				F1C2EF422B52ADD300B8C43F /* LunchCounter.app */,
			);
			name = Products;
			sourceTree = "<group>";
		};
		F1C2EF442B52ADD300B8C43F /* LunchCounter */ = {
			isa = PBXGroup;
			children = (
				F1C2EF452B52ADD300B8C43F /* LunchCounterApp.swift */,
				F1C2EF822B53CC8700B8C43F /* Service */,
				F1C2EF552B52AE0000B8C43F /* Model */,
				F1C2EF632B53ADB100B8C43F /* ViewModels */,
				F1C2EF5A2B52AE1800B8C43F /* Views */,
				F1C2EF7C2B53BFF500B8C43F /* Uitility */,
				F1C2EF4B2B52ADD400B8C43F /* Assets.xcassets */,
				F1C2EF4D2B52ADD400B8C43F /* Preview Content */,
			);
			path = LunchCounter;
			sourceTree = "<group>";
		};
		F1C2EF4D2B52ADD400B8C43F /* Preview Content */ = {
			isa = PBXGroup;
			children = (
				F1C2EF4E2B52ADD400B8C43F /* Preview Assets.xcassets */,
			);
			path = "Preview Content";
			sourceTree = "<group>";
		};
		F1C2EF552B52AE0000B8C43F /* Model */ = {
			isa = PBXGroup;
			children = (
				F1C2EF562B52AE0000B8C43F /* LunchRecord.swift */,
				F1C2EF572B52AE0000B8C43F /* FoodType.swift */,
				F1C2EF612B53ADA100B8C43F /* Postition.swift */,
				F1C2EF722B53B9BD00B8C43F /* Toast */,
			);
			path = Model;
			sourceTree = "<group>";
		};
		F1C2EF5A2B52AE1800B8C43F /* Views */ = {
			isa = PBXGroup;
			children = (
				F1C2EF6B2B53B38000B8C43F /* TabView */,
				F1C2EF5D2B52AE6700B8C43F /* Main */,
				F1C2EF752B53BBD700B8C43F /* Graph */,
			);
			path = Views;
			sourceTree = "<group>";
		};
		F1C2EF5D2B52AE6700B8C43F /* Main */ = {
			isa = PBXGroup;
			children = (
				F1C2EF5B2B52AE3000B8C43F /* MainView.swift */,
				F1C2EF5E2B52AE7800B8C43F /* Components */,
			);
			path = Main;
			sourceTree = "<group>";
		};
		F1C2EF5E2B52AE7800B8C43F /* Components */ = {
			isa = PBXGroup;
			children = (
				F1C2EF5F2B52AE9500B8C43F /* AddFoodButton.swift */,
				F1C2EF6E2B53B4FA00B8C43F /* AddFoodButtonGroup.swift */,
				F1C2EF792B53BE6400B8C43F /* ToastView */,
			);
			path = Components;
			sourceTree = "<group>";
		};
		F1C2EF632B53ADB100B8C43F /* ViewModels */ = {
			isa = PBXGroup;
			children = (
				F1C2EF642B53ADC500B8C43F /* MainViewModel.swift */,
				F1C2EF852B53D70B00B8C43F /* GraphViewModel.swift */,
			);
			path = ViewModels;
			sourceTree = "<group>";
		};
		F1C2EF662B53AE0900B8C43F /* Protocols */ = {
			isa = PBXGroup;
			children = (
				F1C2EF672B53AE3A00B8C43F /* ViewModel.swift */,
				F1C2EF892B53E25F00B8C43F /* DataManager.swift */,
			);
			path = Protocols;
			sourceTree = "<group>";
		};
		F1C2EF6B2B53B38000B8C43F /* TabView */ = {
			isa = PBXGroup;
			children = (
				F1C2EF692B53B35F00B8C43F /* MainTabView.swift */,
				F1C2EF6C2B53B3C900B8C43F /* TabViewItem.swift */,
			);
			path = TabView;
			sourceTree = "<group>";
		};
		F1C2EF722B53B9BD00B8C43F /* Toast */ = {
			isa = PBXGroup;
			children = (
				F1C2EF702B53B8D500B8C43F /* Toast.swift */,
				F1C2EF732B53B9CC00B8C43F /* ToastStyle.swift */,
			);
			path = Toast;
			sourceTree = "<group>";
		};
		F1C2EF752B53BBD700B8C43F /* Graph */ = {
			isa = PBXGroup;
			children = (
				F1C2EF802B53C9B300B8C43F /* LunchGraphView.swift */,
			);
			path = Graph;
			sourceTree = "<group>";
		};
		F1C2EF792B53BE6400B8C43F /* ToastView */ = {
			isa = PBXGroup;
			children = (
				F1C2EF772B53BC0B00B8C43F /* ToastView.swift */,
				F1C2EF7A2B53BE7D00B8C43F /* ToastModifier.swift */,
			);
			path = ToastView;
			sourceTree = "<group>";
		};
		F1C2EF7C2B53BFF500B8C43F /* Uitility */ = {
			isa = PBXGroup;
			children = (
				F1C2EF7D2B53C00300B8C43F /* Extensions */,
				F1C2EF662B53AE0900B8C43F /* Protocols */,
			);
			path = Uitility;
			sourceTree = "<group>";
		};
		F1C2EF7D2B53C00300B8C43F /* Extensions */ = {
			isa = PBXGroup;
			children = (
				F1C2EF7E2B53C01500B8C43F /* View+Extension.swift */,
			);
			path = Extensions;
			sourceTree = "<group>";
		};
		F1C2EF822B53CC8700B8C43F /* Service */ = {
			isa = PBXGroup;
			children = (
				F1C2EF832B53CCA100B8C43F /* SwiftDataManager.swift */,
				F1C2EF872B53DE3700B8C43F /* SwiftDataError.swift */,
			);
			path = Service;
			sourceTree = "<group>";
		};
/* End PBXGroup section */

/* Begin PBXNativeTarget section */
		F1C2EF412B52ADD300B8C43F /* LunchCounter */ = {
			isa = PBXNativeTarget;
			buildConfigurationList = F1C2EF522B52ADD400B8C43F /* Build configuration list for PBXNativeTarget "LunchCounter" */;
			buildPhases = (
				F1C2EF3E2B52ADD300B8C43F /* Sources */,
				F1C2EF3F2B52ADD300B8C43F /* Frameworks */,
				F1C2EF402B52ADD300B8C43F /* Resources */,
			);
			buildRules = (
			);
			dependencies = (
			);
			name = LunchCounter;
			productName = LunchCounter;
			productReference = F1C2EF422B52ADD300B8C43F /* LunchCounter.app */;
			productType = "com.apple.product-type.application";
		};
/* End PBXNativeTarget section */

/* Begin PBXProject section */
		F1C2EF3A2B52ADD300B8C43F /* Project object */ = {
			isa = PBXProject;
			attributes = {
				BuildIndependentTargetsInParallel = 1;
				LastSwiftUpdateCheck = 1520;
				LastUpgradeCheck = 1520;
				TargetAttributes = {
					F1C2EF412B52ADD300B8C43F = {
						CreatedOnToolsVersion = 15.2;
					};
				};
			};
			buildConfigurationList = F1C2EF3D2B52ADD300B8C43F /* Build configuration list for PBXProject "LunchCounter" */;
			compatibilityVersion = "Xcode 14.0";
			developmentRegion = en;
			hasScannedForEncodings = 0;
			knownRegions = (
				en,
				Base,
			);
			mainGroup = F1C2EF392B52ADD300B8C43F;
			productRefGroup = F1C2EF432B52ADD300B8C43F /* Products */;
			projectDirPath = "";
			projectRoot = "";
			targets = (
				F1C2EF412B52ADD300B8C43F /* LunchCounter */,
			);
		};
/* End PBXProject section */

/* Begin PBXResourcesBuildPhase section */
		F1C2EF402B52ADD300B8C43F /* Resources */ = {
			isa = PBXResourcesBuildPhase;
			buildActionMask = 2147483647;
			files = (
				F1C2EF4F2B52ADD400B8C43F /* Preview Assets.xcassets in Resources */,
				F1C2EF4C2B52ADD400B8C43F /* Assets.xcassets in Resources */,
			);
			runOnlyForDeploymentPostprocessing = 0;
		};
/* End PBXResourcesBuildPhase section */

/* Begin PBXSourcesBuildPhase section */
		F1C2EF3E2B52ADD300B8C43F /* Sources */ = {
			isa = PBXSourcesBuildPhase;
			buildActionMask = 2147483647;
			files = (
				F1C2EF782B53BC0B00B8C43F /* ToastView.swift in Sources */,
				F1C2EF842B53CCA100B8C43F /* SwiftDataManager.swift in Sources */,
				F1C2EF6A2B53B35F00B8C43F /* MainTabView.swift in Sources */,
				F1C2EF862B53D70B00B8C43F /* GraphViewModel.swift in Sources */,
				F1C2EF682B53AE3A00B8C43F /* ViewModel.swift in Sources */,
				F1C2EF592B52AE0000B8C43F /* FoodType.swift in Sources */,
				F1C2EF712B53B8D500B8C43F /* Toast.swift in Sources */,
				F1C2EF5C2B52AE3000B8C43F /* MainView.swift in Sources */,
				F1C2EF622B53ADA100B8C43F /* Postition.swift in Sources */,
				F1C2EF882B53DE3700B8C43F /* SwiftDataError.swift in Sources */,
				F1C2EF8A2B53E25F00B8C43F /* DataManager.swift in Sources */,
				F1C2EF7B2B53BE7D00B8C43F /* ToastModifier.swift in Sources */,
				F1C2EF582B52AE0000B8C43F /* LunchRecord.swift in Sources */,
				F1C2EF602B52AE9500B8C43F /* AddFoodButton.swift in Sources */,
				F1C2EF742B53B9CC00B8C43F /* ToastStyle.swift in Sources */,
				F1C2EF812B53C9B300B8C43F /* LunchGraphView.swift in Sources */,
				F1C2EF6D2B53B3C900B8C43F /* TabViewItem.swift in Sources */,
				F1C2EF462B52ADD300B8C43F /* LunchCounterApp.swift in Sources */,
				F1C2EF652B53ADC500B8C43F /* MainViewModel.swift in Sources */,
				F1C2EF7F2B53C01500B8C43F /* View+Extension.swift in Sources */,
				F1C2EF6F2B53B4FA00B8C43F /* AddFoodButtonGroup.swift in Sources */,
			);
			runOnlyForDeploymentPostprocessing = 0;
		};
/* End PBXSourcesBuildPhase section */

/* Begin XCBuildConfiguration section */
		F1C2EF502B52ADD400B8C43F /* Debug */ = {
			isa = XCBuildConfiguration;
			buildSettings = {
				ALWAYS_SEARCH_USER_PATHS = NO;
				ASSETCATALOG_COMPILER_GENERATE_SWIFT_ASSET_SYMBOL_EXTENSIONS = YES;
				CLANG_ANALYZER_NONNULL = YES;
				CLANG_ANALYZER_NUMBER_OBJECT_CONVERSION = YES_AGGRESSIVE;
				CLANG_CXX_LANGUAGE_STANDARD = "gnu++20";
				CLANG_ENABLE_MODULES = YES;
				CLANG_ENABLE_OBJC_ARC = YES;
				CLANG_ENABLE_OBJC_WEAK = YES;
				CLANG_WARN_BLOCK_CAPTURE_AUTORELEASING = YES;
				CLANG_WARN_BOOL_CONVERSION = YES;
				CLANG_WARN_COMMA = YES;
				CLANG_WARN_CONSTANT_CONVERSION = YES;
				CLANG_WARN_DEPRECATED_OBJC_IMPLEMENTATIONS = YES;
				CLANG_WARN_DIRECT_OBJC_ISA_USAGE = YES_ERROR;
				CLANG_WARN_DOCUMENTATION_COMMENTS = YES;
				CLANG_WARN_EMPTY_BODY = YES;
				CLANG_WARN_ENUM_CONVERSION = YES;
				CLANG_WARN_INFINITE_RECURSION = YES;
				CLANG_WARN_INT_CONVERSION = YES;
				CLANG_WARN_NON_LITERAL_NULL_CONVERSION = YES;
				CLANG_WARN_OBJC_IMPLICIT_RETAIN_SELF = YES;
				CLANG_WARN_OBJC_LITERAL_CONVERSION = YES;
				CLANG_WARN_OBJC_ROOT_CLASS = YES_ERROR;
				CLANG_WARN_QUOTED_INCLUDE_IN_FRAMEWORK_HEADER = YES;
				CLANG_WARN_RANGE_LOOP_ANALYSIS = YES;
				CLANG_WARN_STRICT_PROTOTYPES = YES;
				CLANG_WARN_SUSPICIOUS_MOVE = YES;
				CLANG_WARN_UNGUARDED_AVAILABILITY = YES_AGGRESSIVE;
				CLANG_WARN_UNREACHABLE_CODE = YES;
				CLANG_WARN__DUPLICATE_METHOD_MATCH = YES;
				COPY_PHASE_STRIP = NO;
				DEBUG_INFORMATION_FORMAT = dwarf;
				ENABLE_STRICT_OBJC_MSGSEND = YES;
				ENABLE_TESTABILITY = YES;
				ENABLE_USER_SCRIPT_SANDBOXING = YES;
				GCC_C_LANGUAGE_STANDARD = gnu17;
				GCC_DYNAMIC_NO_PIC = NO;
				GCC_NO_COMMON_BLOCKS = YES;
				GCC_OPTIMIZATION_LEVEL = 0;
				GCC_PREPROCESSOR_DEFINITIONS = (
					"DEBUG=1",
					"$(inherited)",
				);
				GCC_WARN_64_TO_32_BIT_CONVERSION = YES;
				GCC_WARN_ABOUT_RETURN_TYPE = YES_ERROR;
				GCC_WARN_UNDECLARED_SELECTOR = YES;
				GCC_WARN_UNINITIALIZED_AUTOS = YES_AGGRESSIVE;
				GCC_WARN_UNUSED_FUNCTION = YES;
				GCC_WARN_UNUSED_VARIABLE = YES;
				IPHONEOS_DEPLOYMENT_TARGET = 17.2;
				LOCALIZATION_PREFERS_STRING_CATALOGS = YES;
				MTL_ENABLE_DEBUG_INFO = INCLUDE_SOURCE;
				MTL_FAST_MATH = YES;
				ONLY_ACTIVE_ARCH = YES;
				SDKROOT = iphoneos;
				SWIFT_ACTIVE_COMPILATION_CONDITIONS = "DEBUG $(inherited)";
				SWIFT_OPTIMIZATION_LEVEL = "-Onone";
			};
			name = Debug;
		};
		F1C2EF512B52ADD400B8C43F /* Release */ = {
			isa = XCBuildConfiguration;
			buildSettings = {
				ALWAYS_SEARCH_USER_PATHS = NO;
				ASSETCATALOG_COMPILER_GENERATE_SWIFT_ASSET_SYMBOL_EXTENSIONS = YES;
				CLANG_ANALYZER_NONNULL = YES;
				CLANG_ANALYZER_NUMBER_OBJECT_CONVERSION = YES_AGGRESSIVE;
				CLANG_CXX_LANGUAGE_STANDARD = "gnu++20";
				CLANG_ENABLE_MODULES = YES;
				CLANG_ENABLE_OBJC_ARC = YES;
				CLANG_ENABLE_OBJC_WEAK = YES;
				CLANG_WARN_BLOCK_CAPTURE_AUTORELEASING = YES;
				CLANG_WARN_BOOL_CONVERSION = YES;
				CLANG_WARN_COMMA = YES;
				CLANG_WARN_CONSTANT_CONVERSION = YES;
				CLANG_WARN_DEPRECATED_OBJC_IMPLEMENTATIONS = YES;
				CLANG_WARN_DIRECT_OBJC_ISA_USAGE = YES_ERROR;
				CLANG_WARN_DOCUMENTATION_COMMENTS = YES;
				CLANG_WARN_EMPTY_BODY = YES;
				CLANG_WARN_ENUM_CONVERSION = YES;
				CLANG_WARN_INFINITE_RECURSION = YES;
				CLANG_WARN_INT_CONVERSION = YES;
				CLANG_WARN_NON_LITERAL_NULL_CONVERSION = YES;
				CLANG_WARN_OBJC_IMPLICIT_RETAIN_SELF = YES;
				CLANG_WARN_OBJC_LITERAL_CONVERSION = YES;
				CLANG_WARN_OBJC_ROOT_CLASS = YES_ERROR;
				CLANG_WARN_QUOTED_INCLUDE_IN_FRAMEWORK_HEADER = YES;
				CLANG_WARN_RANGE_LOOP_ANALYSIS = YES;
				CLANG_WARN_STRICT_PROTOTYPES = YES;
				CLANG_WARN_SUSPICIOUS_MOVE = YES;
				CLANG_WARN_UNGUARDED_AVAILABILITY = YES_AGGRESSIVE;
				CLANG_WARN_UNREACHABLE_CODE = YES;
				CLANG_WARN__DUPLICATE_METHOD_MATCH = YES;
				COPY_PHASE_STRIP = NO;
				DEBUG_INFORMATION_FORMAT = "dwarf-with-dsym";
				ENABLE_NS_ASSERTIONS = NO;
				ENABLE_STRICT_OBJC_MSGSEND = YES;
				ENABLE_USER_SCRIPT_SANDBOXING = YES;
				GCC_C_LANGUAGE_STANDARD = gnu17;
				GCC_NO_COMMON_BLOCKS = YES;
				GCC_WARN_64_TO_32_BIT_CONVERSION = YES;
				GCC_WARN_ABOUT_RETURN_TYPE = YES_ERROR;
				GCC_WARN_UNDECLARED_SELECTOR = YES;
				GCC_WARN_UNINITIALIZED_AUTOS = YES_AGGRESSIVE;
				GCC_WARN_UNUSED_FUNCTION = YES;
				GCC_WARN_UNUSED_VARIABLE = YES;
				IPHONEOS_DEPLOYMENT_TARGET = 17.2;
				LOCALIZATION_PREFERS_STRING_CATALOGS = YES;
				MTL_ENABLE_DEBUG_INFO = NO;
				MTL_FAST_MATH = YES;
				SDKROOT = iphoneos;
				SWIFT_COMPILATION_MODE = wholemodule;
				VALIDATE_PRODUCT = YES;
			};
			name = Release;
		};
		F1C2EF532B52ADD400B8C43F /* Debug */ = {
			isa = XCBuildConfiguration;
			buildSettings = {
				ASSETCATALOG_COMPILER_APPICON_NAME = AppIcon;
				ASSETCATALOG_COMPILER_GLOBAL_ACCENT_COLOR_NAME = AccentColor;
				CODE_SIGN_STYLE = Automatic;
				CURRENT_PROJECT_VERSION = 1;
				DEVELOPMENT_ASSET_PATHS = "\"LunchCounter/Preview Content\"";
				DEVELOPMENT_TEAM = JY9QH7G8BB;
				ENABLE_PREVIEWS = YES;
				GENERATE_INFOPLIST_FILE = YES;
				INFOPLIST_KEY_UIApplicationSceneManifest_Generation = YES;
				INFOPLIST_KEY_UIApplicationSupportsIndirectInputEvents = YES;
				INFOPLIST_KEY_UILaunchScreen_Generation = YES;
				INFOPLIST_KEY_UISupportedInterfaceOrientations_iPad = "UIInterfaceOrientationPortrait UIInterfaceOrientationPortraitUpsideDown UIInterfaceOrientationLandscapeLeft UIInterfaceOrientationLandscapeRight";
				INFOPLIST_KEY_UISupportedInterfaceOrientations_iPhone = "UIInterfaceOrientationPortrait UIInterfaceOrientationLandscapeLeft UIInterfaceOrientationLandscapeRight";
				LD_RUNPATH_SEARCH_PATHS = (
					"$(inherited)",
					"@executable_path/Frameworks",
				);
				MARKETING_VERSION = 1.0;
				PRODUCT_BUNDLE_IDENTIFIER = com.SamSung.LunchCounter;
				PRODUCT_NAME = "$(TARGET_NAME)";
				SWIFT_EMIT_LOC_STRINGS = YES;
				SWIFT_VERSION = 5.0;
				TARGETED_DEVICE_FAMILY = "1,2";
			};
			name = Debug;
		};
		F1C2EF542B52ADD400B8C43F /* Release */ = {
			isa = XCBuildConfiguration;
			buildSettings = {
				ASSETCATALOG_COMPILER_APPICON_NAME = AppIcon;
				ASSETCATALOG_COMPILER_GLOBAL_ACCENT_COLOR_NAME = AccentColor;
				CODE_SIGN_STYLE = Automatic;
				CURRENT_PROJECT_VERSION = 1;
				DEVELOPMENT_ASSET_PATHS = "\"LunchCounter/Preview Content\"";
				DEVELOPMENT_TEAM = JY9QH7G8BB;
				ENABLE_PREVIEWS = YES;
				GENERATE_INFOPLIST_FILE = YES;
				INFOPLIST_KEY_UIApplicationSceneManifest_Generation = YES;
				INFOPLIST_KEY_UIApplicationSupportsIndirectInputEvents = YES;
				INFOPLIST_KEY_UILaunchScreen_Generation = YES;
				INFOPLIST_KEY_UISupportedInterfaceOrientations_iPad = "UIInterfaceOrientationPortrait UIInterfaceOrientationPortraitUpsideDown UIInterfaceOrientationLandscapeLeft UIInterfaceOrientationLandscapeRight";
				INFOPLIST_KEY_UISupportedInterfaceOrientations_iPhone = "UIInterfaceOrientationPortrait UIInterfaceOrientationLandscapeLeft UIInterfaceOrientationLandscapeRight";
				LD_RUNPATH_SEARCH_PATHS = (
					"$(inherited)",
					"@executable_path/Frameworks",
				);
				MARKETING_VERSION = 1.0;
				PRODUCT_BUNDLE_IDENTIFIER = com.SamSung.LunchCounter;
				PRODUCT_NAME = "$(TARGET_NAME)";
				SWIFT_EMIT_LOC_STRINGS = YES;
				SWIFT_VERSION = 5.0;
				TARGETED_DEVICE_FAMILY = "1,2";
			};
			name = Release;
		};
/* End XCBuildConfiguration section */

/* Begin XCConfigurationList section */
		F1C2EF3D2B52ADD300B8C43F /* Build configuration list for PBXProject "LunchCounter" */ = {
			isa = XCConfigurationList;
			buildConfigurations = (
				F1C2EF502B52ADD400B8C43F /* Debug */,
				F1C2EF512B52ADD400B8C43F /* Release */,
			);
			defaultConfigurationIsVisible = 0;
			defaultConfigurationName = Release;
		};
		F1C2EF522B52ADD400B8C43F /* Build configuration list for PBXNativeTarget "LunchCounter" */ = {
			isa = XCConfigurationList;
			buildConfigurations = (
				F1C2EF532B52ADD400B8C43F /* Debug */,
				F1C2EF542B52ADD400B8C43F /* Release */,
			);
			defaultConfigurationIsVisible = 0;
			defaultConfigurationName = Release;
		};
/* End XCConfigurationList section */
	};
	rootObject = F1C2EF3A2B52ADD300B8C43F /* Project object */;
}
